
Microsoft Visual Studio Solution File, Format Version 12.00
# Visual Studio Version 17
VisualStudioVersion = 17.1.32228.430
MinimumVisualStudioVersion = 10.0.40219.1
Project("{FAE04EC0-301F-11D3-BF4B-00C04F79EFBC}") = "PYP_Dynamic_Partial", "PYP_Dynamic_Partial\PYP_Dynamic_Partial.csproj", "{202F17F6-361E-4D6F-AA52-E060BF2F7999}"
EndProject
Global
	GlobalSection(SolutionConfigurationPlatforms) = preSolution
		Debug|Any CPU = Debug|Any CPU
		Release|Any CPU = Release|Any CPU
	EndGlobalSection
	GlobalSection(ProjectConfigurationPlatforms) = postSolution
		{202F17F6-361E-4D6F-AA52-E060BF2F7999}.Debug|Any CPU.ActiveCfg = Debug|Any CPU
		{202F17F6-361E-4D6F-AA52-E060BF2F7999}.Debug|Any CPU.Build.0 = Debug|Any CPU
		{202F17F6-361E-4D6F-AA52-E060BF2F7999}.Release|Any CPU.ActiveCfg = Release|Any CPU
		{202F17F6-361E-4D6F-AA52-E060BF2F7999}.Release|Any CPU.Build.0 = Release|Any CPU
	EndGlobalSection
	GlobalSection(SolutionProperties) = preSolution
		HideSolutionNode = FALSE
	EndGlobalSection
	GlobalSection(ExtensibilityGlobals) = postSolution
		SolutionGuid = {3A4299A6-8B08-411B-AC79-AE677513BF17}
	EndGlobalSection
EndGlobal
